# This file was autogenerated by Stack.
# You should not edit this file by hand.
# For more information, please see the documentation at:
#   https://docs.haskellstack.org/en/stable/lock_files

packages:
- completed:
    hackage: extensible-0.8@sha256:7de5df8ddf9c325bc67d3047a63472d6e05c2d227c365bad92202519d25e16dc,3043
    pantry-tree:
      size: 2097
      sha256: 6dd6a5d5e699352690d23a0b2737337ed312d734df784ebccaf024e27acf7f94
  original:
    hackage: extensible-0.8
- completed:
    hackage: membership-0.0.1@sha256:6c4d4ab6e3fb3253c6c670e8a63f74454dc91be50b9f292d0b1355792190aee5,999
    pantry-tree:
      size: 408
      sha256: b918a1a207108313b2bf453b0d9aa65122d9845c4b360c8ade46d3429ff1107a
  original:
    hackage: membership-0.0.1
- completed:
    hackage: servant-lucid-0.9.0.4@sha256:698db96903a145fdef40cc897f8790728642af917c37b941a98b2da872b65f08,1787
    pantry-tree:
      size: 392
      sha256: 39e0e7b2b25980bfe4df036e89959188f9ef9e8c78c85e241fa9a682d1d78cf3
  original:
    hackage: servant-lucid-0.9.0.4
- completed:
    hackage: servant-js-0.9.4.2@sha256:8376ab122b48427f190e9289e659a68dc382f1739ac610514f524a2c22386a52,3531
    pantry-tree:
      size: 961
      sha256: c28356e34444a1ce680b3f7e935d59348ab79dc25db7dbea8db3330d7c52c4e8
  original:
    hackage: servant-js-0.9.4.2
snapshots:
- completed:
    size: 586286
    url: https://raw.githubusercontent.com/commercialhaskell/stackage-snapshots/master/lts/18/16.yaml
    sha256: cdead65fca0323144b346c94286186f4969bf85594d649c49c7557295675d8a5
  original: lts-18.16
